
Microsoft Visual Studio Solution File, Format Version 12.00
# Visual Studio 15
VisualStudioVersion = 15.0.28307.329
MinimumVisualStudioVersion = 10.0.40219.1
Project("{FAE04EC0-301F-11D3-BF4B-00C04F79EFBC}") = "test_classes", "OOPforms\test_classes.csproj", "{192E2F83-7809-4830-A271-DCE8E607E97F}"
EndProject
Project("{FAE04EC0-301F-11D3-BF4B-00C04F79EFBC}") = "Zip", "Zip\Zip.csproj", "{A30374E1-55B8-4B5D-95C2-D1BB63A63187}"
EndProject
Project("{FAE04EC0-301F-11D3-BF4B-00C04F79EFBC}") = "GZipp", "GZipp\GZipp.csproj", "{5A82BF36-12BC-49FB-AFEE-F6EFD60B225E}"
EndProject
Global
	GlobalSection(SolutionConfigurationPlatforms) = preSolution
		Debug|Any CPU = Debug|Any CPU
		Release|Any CPU = Release|Any CPU
	EndGlobalSection
	GlobalSection(ProjectConfigurationPlatforms) = postSolution
		{192E2F83-7809-4830-A271-DCE8E607E97F}.Debug|Any CPU.ActiveCfg = Debug|Any CPU
		{192E2F83-7809-4830-A271-DCE8E607E97F}.Debug|Any CPU.Build.0 = Debug|Any CPU
		{192E2F83-7809-4830-A271-DCE8E607E97F}.Release|Any CPU.ActiveCfg = Release|Any CPU
		{192E2F83-7809-4830-A271-DCE8E607E97F}.Release|Any CPU.Build.0 = Release|Any CPU
		{A30374E1-55B8-4B5D-95C2-D1BB63A63187}.Debug|Any CPU.ActiveCfg = Debug|Any CPU
		{A30374E1-55B8-4B5D-95C2-D1BB63A63187}.Debug|Any CPU.Build.0 = Debug|Any CPU
		{A30374E1-55B8-4B5D-95C2-D1BB63A63187}.Release|Any CPU.ActiveCfg = Release|Any CPU
		{A30374E1-55B8-4B5D-95C2-D1BB63A63187}.Release|Any CPU.Build.0 = Release|Any CPU
		{5A82BF36-12BC-49FB-AFEE-F6EFD60B225E}.Debug|Any CPU.ActiveCfg = Debug|Any CPU
		{5A82BF36-12BC-49FB-AFEE-F6EFD60B225E}.Debug|Any CPU.Build.0 = Debug|Any CPU
		{5A82BF36-12BC-49FB-AFEE-F6EFD60B225E}.Release|Any CPU.ActiveCfg = Release|Any CPU
		{5A82BF36-12BC-49FB-AFEE-F6EFD60B225E}.Release|Any CPU.Build.0 = Release|Any CPU
	EndGlobalSection
	GlobalSection(SolutionProperties) = preSolution
		HideSolutionNode = FALSE
	EndGlobalSection
	GlobalSection(ExtensibilityGlobals) = postSolution
		SolutionGuid = {B6B008DA-518F-476D-AFE6-4C1194153FE1}
	EndGlobalSection
EndGlobal
